
Microsoft Visual Studio Solution File, Format Version 11.00
# Visual Studio 2010
Project("{FAE04EC0-301F-11D3-BF4B-00C04F79EFBC}") = "Southwind.Entities", "Southwind\Southwind.Entities\Southwind.Entities.csproj", "{2FE283CC-8F34-451E-9805-C7858F7D705D}"
EndProject
Project("{FAE04EC0-301F-11D3-BF4B-00C04F79EFBC}") = "Southwind.Logic", "Southwind\Southwind.Logic\Southwind.Logic.csproj", "{2DA0D6C7-53DB-45F3-BA86-F4FDEB6924FA}"
EndProject
Project("{FAE04EC0-301F-11D3-BF4B-00C04F79EFBC}") = "Southwind.Load", "Southwind\Southwind.Load\Southwind.Load.csproj", "{A30A9F84-DF83-4FA0-9DAD-DE793CA425D4}"
EndProject
Project("{FAE04EC0-301F-11D3-BF4B-00C04F79EFBC}") = "Southwind.Web", "Southwind\Southwind.Web\Southwind.Web.csproj", "{3382879C-EC6B-402E-ACB2-BDB2483348EB}"
EndProject
Project("{FAE04EC0-301F-11D3-BF4B-00C04F79EFBC}") = "Southwind.Windows", "Southwind\Southwind.Windows\Southwind.Windows.csproj", "{B676A7B5-9DA3-441A-BEA1-2C20A93F18F6}"
EndProject
Global
	GlobalSection(TeamFoundationVersionControl) = preSolution
		SccNumberOfProjects = 6
		SccEnterpriseProvider = {4CA58AB2-18FA-4F8D-95D4-32DDF27D184C}
		SccTeamFoundationServer = http://192.168.0.8:8080/tfs/defaultcollection
		SccLocalPath0 = .
		SccProjectUniqueName1 = Southwind\\Southwind.Entities\\Southwind.Entities.csproj
		SccProjectName1 = Southwind/Southwind.Entities
		SccLocalPath1 = Southwind\\Southwind.Entities
		SccProjectUniqueName2 = Southwind\\Southwind.Logic\\Southwind.Logic.csproj
		SccProjectName2 = Southwind/Southwind.Logic
		SccLocalPath2 = Southwind\\Southwind.Logic
		SccProjectUniqueName3 = Southwind\\Southwind.Load\\Southwind.Load.csproj
		SccProjectName3 = Southwind/Southwind.Load
		SccLocalPath3 = Southwind\\Southwind.Load
		SccProjectUniqueName4 = Southwind\\Southwind.Web\\Southwind.Web.csproj
		SccProjectName4 = Southwind/Southwind.Web
		SccLocalPath4 = Southwind\\Southwind.Web
		SccProjectUniqueName5 = Southwind\\Southwind.Windows\\Southwind.Windows.csproj
		SccProjectName5 = Southwind/Southwind.Windows
		SccLocalPath5 = Southwind\\Southwind.Windows
	EndGlobalSection
	GlobalSection(SolutionConfigurationPlatforms) = preSolution
		Debug|Any CPU = Debug|Any CPU
		Release|Any CPU = Release|Any CPU
	EndGlobalSection
	GlobalSection(ProjectConfigurationPlatforms) = postSolution
		{2FE283CC-8F34-451E-9805-C7858F7D705D}.Debug|Any CPU.ActiveCfg = Debug|x86
		{2FE283CC-8F34-451E-9805-C7858F7D705D}.Debug|Any CPU.Build.0 = Debug|x86
		{2FE283CC-8F34-451E-9805-C7858F7D705D}.Release|Any CPU.ActiveCfg = Release|Any CPU
		{2FE283CC-8F34-451E-9805-C7858F7D705D}.Release|Any CPU.Build.0 = Release|Any CPU
		{2DA0D6C7-53DB-45F3-BA86-F4FDEB6924FA}.Debug|Any CPU.ActiveCfg = Debug|x86
		{2DA0D6C7-53DB-45F3-BA86-F4FDEB6924FA}.Debug|Any CPU.Build.0 = Debug|x86
		{2DA0D6C7-53DB-45F3-BA86-F4FDEB6924FA}.Release|Any CPU.ActiveCfg = Release|x86
		{A30A9F84-DF83-4FA0-9DAD-DE793CA425D4}.Debug|Any CPU.ActiveCfg = Debug|x86
		{A30A9F84-DF83-4FA0-9DAD-DE793CA425D4}.Debug|Any CPU.Build.0 = Debug|x86
		{A30A9F84-DF83-4FA0-9DAD-DE793CA425D4}.Release|Any CPU.ActiveCfg = Release|Any CPU
		{A30A9F84-DF83-4FA0-9DAD-DE793CA425D4}.Release|Any CPU.Build.0 = Release|Any CPU
		{3382879C-EC6B-402E-ACB2-BDB2483348EB}.Debug|Any CPU.ActiveCfg = Debug|Any CPU
		{3382879C-EC6B-402E-ACB2-BDB2483348EB}.Debug|Any CPU.Build.0 = Debug|Any CPU
		{3382879C-EC6B-402E-ACB2-BDB2483348EB}.Release|Any CPU.ActiveCfg = Release|Any CPU
		{3382879C-EC6B-402E-ACB2-BDB2483348EB}.Release|Any CPU.Build.0 = Release|Any CPU
		{B676A7B5-9DA3-441A-BEA1-2C20A93F18F6}.Debug|Any CPU.ActiveCfg = Debug|x86
		{B676A7B5-9DA3-441A-BEA1-2C20A93F18F6}.Debug|Any CPU.Build.0 = Debug|x86
		{B676A7B5-9DA3-441A-BEA1-2C20A93F18F6}.Release|Any CPU.ActiveCfg = Release|x86
	EndGlobalSection
	GlobalSection(SolutionProperties) = preSolution
		HideSolutionNode = FALSE
	EndGlobalSection
EndGlobal
