
Microsoft Visual Studio Solution File, Format Version 12.00
# Visual Studio Version 16
VisualStudioVersion = 16.0.28531.58
MinimumVisualStudioVersion = 10.0.40219.1
Project("{2150E333-8FDC-42A3-9474-1A3956D46DE8}") = "1.Framework", "1.Framework", "{8636251D-0291-4B49-BD87-644F49A928F4}"
EndProject
Project("{9A19103F-16F7-4668-BE54-9A1E7A4F7556}") = "Signum.Entities", "Framework\Signum.Entities\Signum.Entities.csproj", "{F2B51D08-498D-4C9F-8112-9521A7762B02}"
EndProject
Project("{9A19103F-16F7-4668-BE54-9A1E7A4F7556}") = "Signum.Utilities", "Framework\Signum.Utilities\Signum.Utilities.csproj", "{F7D3F72D-741D-4F67-8CF8-CD41B9035FED}"
EndProject
Project("{9A19103F-16F7-4668-BE54-9A1E7A4F7556}") = "Signum.Engine", "Framework\Signum.Engine\Signum.Engine.csproj", "{7F2DB6FE-C109-4057-B207-C62A767F905D}"
EndProject
Project("{9A19103F-16F7-4668-BE54-9A1E7A4F7556}") = "Signum.Test", "Framework\Signum.Test\Signum.Test.csproj", "{DE565EB3-EE44-469D-B6B9-C8F3CA0712EF}"
EndProject
Project("{9A19103F-16F7-4668-BE54-9A1E7A4F7556}") = "Signum.React", "Framework\Signum.React\Signum.React.csproj", "{C6FD211B-DB43-4338-AE80-CD5D6BE15922}"
EndProject
Project("{2150E333-8FDC-42A3-9474-1A3956D46DE8}") = "2.Extensions", "2.Extensions", "{8BE6A286-E197-4F84-AE56-58E37CBEEEB5}"
EndProject
Project("{9A19103F-16F7-4668-BE54-9A1E7A4F7556}") = "Signum.Entities.Extensions", "Extensions\Signum.Entities.Extensions\Signum.Entities.Extensions.csproj", "{7D851227-5294-4BEB-990E-56B4FBB7A148}"
EndProject
Project("{9A19103F-16F7-4668-BE54-9A1E7A4F7556}") = "Signum.Engine.Extensions", "Extensions\Signum.Engine.Extensions\Signum.Engine.Extensions.csproj", "{BA7FA363-61A1-41B1-945B-9B9C7BBCD357}"
EndProject
Project("{9A19103F-16F7-4668-BE54-9A1E7A4F7556}") = "Signum.React.Extensions", "Extensions\Signum.React.Extensions\Signum.React.Extensions.csproj", "{FB8C0EB0-F025-43EE-96C2-965B41A4A488}"
EndProject
Project("{9A19103F-16F7-4668-BE54-9A1E7A4F7556}") = "Southwind.Entities", "Southwind.Entities\Southwind.Entities.csproj", "{2FE283CC-8F34-451E-9805-C7858F7D705D}"
EndProject
Project("{9A19103F-16F7-4668-BE54-9A1E7A4F7556}") = "Southwind.Logic", "Southwind.Logic\Southwind.Logic.csproj", "{2DA0D6C7-53DB-45F3-BA86-F4FDEB6924FA}"
EndProject
Project("{9A19103F-16F7-4668-BE54-9A1E7A4F7556}") = "Signum.Engine.MachineLearning.CNTK", "Extensions\Signum.Engine.MachineLearning.CNTK\Signum.Engine.MachineLearning.CNTK.csproj", "{4B17650F-0340-4CA0-A983-A2ECB8AC2629}"
EndProject
Project("{9A19103F-16F7-4668-BE54-9A1E7A4F7556}") = "Southwind.Load", "Southwind.Load\Southwind.Load.csproj", "{A30A9F84-DF83-4FA0-9DAD-DE793CA425D4}"
EndProject
Project("{9A19103F-16F7-4668-BE54-9A1E7A4F7556}") = "Southwind.React", "Southwind.React\Southwind.React.csproj", "{C3AA8D6F-5DBC-4307-96D0-90F0640B3071}"
EndProject
Project("{9A19103F-16F7-4668-BE54-9A1E7A4F7556}") = "Southwind.Test.Environment", "Southwind.Test.Environment\Southwind.Test.Environment.csproj", "{A6014F4A-A27F-4B48-804C-F4664082EF01}"
EndProject
Project("{2150E333-8FDC-42A3-9474-1A3956D46DE8}") = "Test", "Test", "{57685A51-6D20-4D5B-865A-F78AC5F5B148}"
EndProject
Project("{9A19103F-16F7-4668-BE54-9A1E7A4F7556}") = "Southwind.Test.Logic", "Southwind.Test.Logic\Southwind.Test.Logic.csproj", "{53EA9614-840B-40C6-9C0B-035705475C66}"
EndProject
Project("{9A19103F-16F7-4668-BE54-9A1E7A4F7556}") = "Southwind.Test.React", "Southwind.Test.React\Southwind.Test.React.csproj", "{8118420A-2FEB-47D7-8EE1-32B8E94B1FEF}"
EndProject
Project("{9A19103F-16F7-4668-BE54-9A1E7A4F7556}") = "Signum.React.Extensions.Selenium", "Extensions\Signum.React.Extensions.Selenium\Signum.React.Extensions.Selenium.csproj", "{B80F1384-E5B6-463C-8316-28E847DFB8C8}"
EndProject
Project("{FAE04EC0-301F-11D3-BF4B-00C04F79EFBC}") = "WebApplication3", "WebApplication3\WebApplication3.csproj", "{BE83D1B9-4577-485D-8A27-D8067AE94640}"
EndProject
Global
	GlobalSection(SolutionConfigurationPlatforms) = preSolution
		Debug|Any CPU = Debug|Any CPU
		Debug|x64 = Debug|x64
		Release|Any CPU = Release|Any CPU
		Release|x64 = Release|x64
	EndGlobalSection
	GlobalSection(ProjectConfigurationPlatforms) = postSolution
		{F2B51D08-498D-4C9F-8112-9521A7762B02}.Debug|Any CPU.ActiveCfg = Debug|Any CPU
		{F2B51D08-498D-4C9F-8112-9521A7762B02}.Debug|Any CPU.Build.0 = Debug|Any CPU
		{F2B51D08-498D-4C9F-8112-9521A7762B02}.Debug|x64.ActiveCfg = Debug|x64
		{F2B51D08-498D-4C9F-8112-9521A7762B02}.Debug|x64.Build.0 = Debug|x64
		{F2B51D08-498D-4C9F-8112-9521A7762B02}.Release|Any CPU.ActiveCfg = Release|Any CPU
		{F2B51D08-498D-4C9F-8112-9521A7762B02}.Release|Any CPU.Build.0 = Release|Any CPU
		{F2B51D08-498D-4C9F-8112-9521A7762B02}.Release|x64.ActiveCfg = Release|x64
		{F2B51D08-498D-4C9F-8112-9521A7762B02}.Release|x64.Build.0 = Release|x64
		{F7D3F72D-741D-4F67-8CF8-CD41B9035FED}.Debug|Any CPU.ActiveCfg = Debug|Any CPU
		{F7D3F72D-741D-4F67-8CF8-CD41B9035FED}.Debug|Any CPU.Build.0 = Debug|Any CPU
		{F7D3F72D-741D-4F67-8CF8-CD41B9035FED}.Debug|x64.ActiveCfg = Debug|x64
		{F7D3F72D-741D-4F67-8CF8-CD41B9035FED}.Debug|x64.Build.0 = Debug|x64
		{F7D3F72D-741D-4F67-8CF8-CD41B9035FED}.Release|Any CPU.ActiveCfg = Release|Any CPU
		{F7D3F72D-741D-4F67-8CF8-CD41B9035FED}.Release|Any CPU.Build.0 = Release|Any CPU
		{F7D3F72D-741D-4F67-8CF8-CD41B9035FED}.Release|x64.ActiveCfg = Release|x64
		{F7D3F72D-741D-4F67-8CF8-CD41B9035FED}.Release|x64.Build.0 = Release|x64
		{7F2DB6FE-C109-4057-B207-C62A767F905D}.Debug|Any CPU.ActiveCfg = Debug|Any CPU
		{7F2DB6FE-C109-4057-B207-C62A767F905D}.Debug|Any CPU.Build.0 = Debug|Any CPU
		{7F2DB6FE-C109-4057-B207-C62A767F905D}.Debug|x64.ActiveCfg = Debug|x64
		{7F2DB6FE-C109-4057-B207-C62A767F905D}.Debug|x64.Build.0 = Debug|x64
		{7F2DB6FE-C109-4057-B207-C62A767F905D}.Release|Any CPU.ActiveCfg = Release|Any CPU
		{7F2DB6FE-C109-4057-B207-C62A767F905D}.Release|Any CPU.Build.0 = Release|Any CPU
		{7F2DB6FE-C109-4057-B207-C62A767F905D}.Release|x64.ActiveCfg = Release|x64
		{7F2DB6FE-C109-4057-B207-C62A767F905D}.Release|x64.Build.0 = Release|x64
		{DE565EB3-EE44-469D-B6B9-C8F3CA0712EF}.Debug|Any CPU.ActiveCfg = Debug|Any CPU
		{DE565EB3-EE44-469D-B6B9-C8F3CA0712EF}.Debug|Any CPU.Build.0 = Debug|Any CPU
		{DE565EB3-EE44-469D-B6B9-C8F3CA0712EF}.Debug|x64.ActiveCfg = Debug|x64
		{DE565EB3-EE44-469D-B6B9-C8F3CA0712EF}.Debug|x64.Build.0 = Debug|x64
		{DE565EB3-EE44-469D-B6B9-C8F3CA0712EF}.Release|Any CPU.ActiveCfg = Release|Any CPU
		{DE565EB3-EE44-469D-B6B9-C8F3CA0712EF}.Release|Any CPU.Build.0 = Release|Any CPU
		{DE565EB3-EE44-469D-B6B9-C8F3CA0712EF}.Release|x64.ActiveCfg = Release|x64
		{DE565EB3-EE44-469D-B6B9-C8F3CA0712EF}.Release|x64.Build.0 = Release|x64
		{C6FD211B-DB43-4338-AE80-CD5D6BE15922}.Debug|Any CPU.ActiveCfg = Debug|Any CPU
		{C6FD211B-DB43-4338-AE80-CD5D6BE15922}.Debug|Any CPU.Build.0 = Debug|Any CPU
		{C6FD211B-DB43-4338-AE80-CD5D6BE15922}.Debug|x64.ActiveCfg = Debug|x64
		{C6FD211B-DB43-4338-AE80-CD5D6BE15922}.Debug|x64.Build.0 = Debug|x64
		{C6FD211B-DB43-4338-AE80-CD5D6BE15922}.Release|Any CPU.ActiveCfg = Release|Any CPU
		{C6FD211B-DB43-4338-AE80-CD5D6BE15922}.Release|Any CPU.Build.0 = Release|Any CPU
		{C6FD211B-DB43-4338-AE80-CD5D6BE15922}.Release|x64.ActiveCfg = Release|x64
		{C6FD211B-DB43-4338-AE80-CD5D6BE15922}.Release|x64.Build.0 = Release|x64
		{7D851227-5294-4BEB-990E-56B4FBB7A148}.Debug|Any CPU.ActiveCfg = Debug|Any CPU
		{7D851227-5294-4BEB-990E-56B4FBB7A148}.Debug|Any CPU.Build.0 = Debug|Any CPU
		{7D851227-5294-4BEB-990E-56B4FBB7A148}.Debug|x64.ActiveCfg = Debug|x64
		{7D851227-5294-4BEB-990E-56B4FBB7A148}.Debug|x64.Build.0 = Debug|x64
		{7D851227-5294-4BEB-990E-56B4FBB7A148}.Release|Any CPU.ActiveCfg = Release|Any CPU
		{7D851227-5294-4BEB-990E-56B4FBB7A148}.Release|Any CPU.Build.0 = Release|Any CPU
		{7D851227-5294-4BEB-990E-56B4FBB7A148}.Release|x64.ActiveCfg = Release|x64
		{7D851227-5294-4BEB-990E-56B4FBB7A148}.Release|x64.Build.0 = Release|x64
		{BA7FA363-61A1-41B1-945B-9B9C7BBCD357}.Debug|Any CPU.ActiveCfg = Debug|Any CPU
		{BA7FA363-61A1-41B1-945B-9B9C7BBCD357}.Debug|Any CPU.Build.0 = Debug|Any CPU
		{BA7FA363-61A1-41B1-945B-9B9C7BBCD357}.Debug|x64.ActiveCfg = Debug|x64
		{BA7FA363-61A1-41B1-945B-9B9C7BBCD357}.Debug|x64.Build.0 = Debug|x64
		{BA7FA363-61A1-41B1-945B-9B9C7BBCD357}.Release|Any CPU.ActiveCfg = Release|Any CPU
		{BA7FA363-61A1-41B1-945B-9B9C7BBCD357}.Release|Any CPU.Build.0 = Release|Any CPU
		{BA7FA363-61A1-41B1-945B-9B9C7BBCD357}.Release|x64.ActiveCfg = Release|x64
		{BA7FA363-61A1-41B1-945B-9B9C7BBCD357}.Release|x64.Build.0 = Release|x64
		{FB8C0EB0-F025-43EE-96C2-965B41A4A488}.Debug|Any CPU.ActiveCfg = Debug|Any CPU
		{FB8C0EB0-F025-43EE-96C2-965B41A4A488}.Debug|Any CPU.Build.0 = Debug|Any CPU
		{FB8C0EB0-F025-43EE-96C2-965B41A4A488}.Debug|x64.ActiveCfg = Debug|x64
		{FB8C0EB0-F025-43EE-96C2-965B41A4A488}.Debug|x64.Build.0 = Debug|x64
		{FB8C0EB0-F025-43EE-96C2-965B41A4A488}.Release|Any CPU.ActiveCfg = Release|Any CPU
		{FB8C0EB0-F025-43EE-96C2-965B41A4A488}.Release|Any CPU.Build.0 = Release|Any CPU
		{FB8C0EB0-F025-43EE-96C2-965B41A4A488}.Release|x64.ActiveCfg = Release|x64
		{FB8C0EB0-F025-43EE-96C2-965B41A4A488}.Release|x64.Build.0 = Release|x64
		{2FE283CC-8F34-451E-9805-C7858F7D705D}.Debug|Any CPU.ActiveCfg = Debug|x64
		{2FE283CC-8F34-451E-9805-C7858F7D705D}.Debug|x64.ActiveCfg = Debug|x64
		{2FE283CC-8F34-451E-9805-C7858F7D705D}.Debug|x64.Build.0 = Debug|x64
		{2FE283CC-8F34-451E-9805-C7858F7D705D}.Release|Any CPU.ActiveCfg = Release|x64
		{2FE283CC-8F34-451E-9805-C7858F7D705D}.Release|x64.ActiveCfg = Release|x64
		{2FE283CC-8F34-451E-9805-C7858F7D705D}.Release|x64.Build.0 = Release|x64
		{2DA0D6C7-53DB-45F3-BA86-F4FDEB6924FA}.Debug|Any CPU.ActiveCfg = Debug|x64
		{2DA0D6C7-53DB-45F3-BA86-F4FDEB6924FA}.Debug|x64.ActiveCfg = Debug|x64
		{2DA0D6C7-53DB-45F3-BA86-F4FDEB6924FA}.Debug|x64.Build.0 = Debug|x64
		{2DA0D6C7-53DB-45F3-BA86-F4FDEB6924FA}.Release|Any CPU.ActiveCfg = Release|x64
		{2DA0D6C7-53DB-45F3-BA86-F4FDEB6924FA}.Release|x64.ActiveCfg = Release|x64
		{2DA0D6C7-53DB-45F3-BA86-F4FDEB6924FA}.Release|x64.Build.0 = Release|x64
		{4B17650F-0340-4CA0-A983-A2ECB8AC2629}.Debug|Any CPU.ActiveCfg = Debug|Any CPU
		{4B17650F-0340-4CA0-A983-A2ECB8AC2629}.Debug|Any CPU.Build.0 = Debug|Any CPU
		{4B17650F-0340-4CA0-A983-A2ECB8AC2629}.Debug|x64.ActiveCfg = Debug|x64
		{4B17650F-0340-4CA0-A983-A2ECB8AC2629}.Debug|x64.Build.0 = Debug|x64
		{4B17650F-0340-4CA0-A983-A2ECB8AC2629}.Release|Any CPU.ActiveCfg = Release|Any CPU
		{4B17650F-0340-4CA0-A983-A2ECB8AC2629}.Release|Any CPU.Build.0 = Release|Any CPU
		{4B17650F-0340-4CA0-A983-A2ECB8AC2629}.Release|x64.ActiveCfg = Release|x64
		{4B17650F-0340-4CA0-A983-A2ECB8AC2629}.Release|x64.Build.0 = Release|x64
		{A30A9F84-DF83-4FA0-9DAD-DE793CA425D4}.Debug|Any CPU.ActiveCfg = Debug|x64
		{A30A9F84-DF83-4FA0-9DAD-DE793CA425D4}.Debug|x64.ActiveCfg = Debug|x64
		{A30A9F84-DF83-4FA0-9DAD-DE793CA425D4}.Debug|x64.Build.0 = Debug|x64
		{A30A9F84-DF83-4FA0-9DAD-DE793CA425D4}.Release|Any CPU.ActiveCfg = Release|x64
		{A30A9F84-DF83-4FA0-9DAD-DE793CA425D4}.Release|x64.ActiveCfg = Release|x64
		{A30A9F84-DF83-4FA0-9DAD-DE793CA425D4}.Release|x64.Build.0 = Release|x64
		{C3AA8D6F-5DBC-4307-96D0-90F0640B3071}.Debug|Any CPU.ActiveCfg = Debug|x64
		{C3AA8D6F-5DBC-4307-96D0-90F0640B3071}.Debug|x64.ActiveCfg = Debug|x64
		{C3AA8D6F-5DBC-4307-96D0-90F0640B3071}.Debug|x64.Build.0 = Debug|x64
		{C3AA8D6F-5DBC-4307-96D0-90F0640B3071}.Release|Any CPU.ActiveCfg = Release|x64
		{C3AA8D6F-5DBC-4307-96D0-90F0640B3071}.Release|x64.ActiveCfg = Release|x64
		{C3AA8D6F-5DBC-4307-96D0-90F0640B3071}.Release|x64.Build.0 = Release|x64
		{A6014F4A-A27F-4B48-804C-F4664082EF01}.Debug|Any CPU.ActiveCfg = Debug|x64
		{A6014F4A-A27F-4B48-804C-F4664082EF01}.Debug|x64.ActiveCfg = Debug|x64
		{A6014F4A-A27F-4B48-804C-F4664082EF01}.Debug|x64.Build.0 = Debug|x64
		{A6014F4A-A27F-4B48-804C-F4664082EF01}.Release|Any CPU.ActiveCfg = Release|x64
		{A6014F4A-A27F-4B48-804C-F4664082EF01}.Release|x64.ActiveCfg = Release|x64
		{A6014F4A-A27F-4B48-804C-F4664082EF01}.Release|x64.Build.0 = Release|x64
		{53EA9614-840B-40C6-9C0B-035705475C66}.Debug|Any CPU.ActiveCfg = Debug|x64
		{53EA9614-840B-40C6-9C0B-035705475C66}.Debug|x64.ActiveCfg = Debug|x64
		{53EA9614-840B-40C6-9C0B-035705475C66}.Debug|x64.Build.0 = Debug|x64
		{53EA9614-840B-40C6-9C0B-035705475C66}.Release|Any CPU.ActiveCfg = Release|x64
		{53EA9614-840B-40C6-9C0B-035705475C66}.Release|x64.ActiveCfg = Release|x64
		{53EA9614-840B-40C6-9C0B-035705475C66}.Release|x64.Build.0 = Release|x64
		{8118420A-2FEB-47D7-8EE1-32B8E94B1FEF}.Debug|Any CPU.ActiveCfg = Debug|x64
		{8118420A-2FEB-47D7-8EE1-32B8E94B1FEF}.Debug|x64.ActiveCfg = Debug|x64
		{8118420A-2FEB-47D7-8EE1-32B8E94B1FEF}.Debug|x64.Build.0 = Debug|x64
		{8118420A-2FEB-47D7-8EE1-32B8E94B1FEF}.Release|Any CPU.ActiveCfg = Release|x64
		{8118420A-2FEB-47D7-8EE1-32B8E94B1FEF}.Release|x64.ActiveCfg = Release|x64
		{8118420A-2FEB-47D7-8EE1-32B8E94B1FEF}.Release|x64.Build.0 = Release|x64
		{B80F1384-E5B6-463C-8316-28E847DFB8C8}.Debug|Any CPU.ActiveCfg = Debug|Any CPU
		{B80F1384-E5B6-463C-8316-28E847DFB8C8}.Debug|Any CPU.Build.0 = Debug|Any CPU
		{B80F1384-E5B6-463C-8316-28E847DFB8C8}.Debug|x64.ActiveCfg = Debug|x64
		{B80F1384-E5B6-463C-8316-28E847DFB8C8}.Debug|x64.Build.0 = Debug|x64
		{B80F1384-E5B6-463C-8316-28E847DFB8C8}.Release|Any CPU.ActiveCfg = Release|Any CPU
		{B80F1384-E5B6-463C-8316-28E847DFB8C8}.Release|Any CPU.Build.0 = Release|Any CPU
		{B80F1384-E5B6-463C-8316-28E847DFB8C8}.Release|x64.ActiveCfg = Release|x64
		{B80F1384-E5B6-463C-8316-28E847DFB8C8}.Release|x64.Build.0 = Release|x64
		{BE83D1B9-4577-485D-8A27-D8067AE94640}.Debug|Any CPU.ActiveCfg = Debug|Any CPU
		{BE83D1B9-4577-485D-8A27-D8067AE94640}.Debug|Any CPU.Build.0 = Debug|Any CPU
		{BE83D1B9-4577-485D-8A27-D8067AE94640}.Debug|x64.ActiveCfg = Debug|Any CPU
		{BE83D1B9-4577-485D-8A27-D8067AE94640}.Debug|x64.Build.0 = Debug|Any CPU
		{BE83D1B9-4577-485D-8A27-D8067AE94640}.Release|Any CPU.ActiveCfg = Release|Any CPU
		{BE83D1B9-4577-485D-8A27-D8067AE94640}.Release|Any CPU.Build.0 = Release|Any CPU
		{BE83D1B9-4577-485D-8A27-D8067AE94640}.Release|x64.ActiveCfg = Release|Any CPU
		{BE83D1B9-4577-485D-8A27-D8067AE94640}.Release|x64.Build.0 = Release|Any CPU
	EndGlobalSection
	GlobalSection(SolutionProperties) = preSolution
		HideSolutionNode = FALSE
	EndGlobalSection
	GlobalSection(NestedProjects) = preSolution
		{F2B51D08-498D-4C9F-8112-9521A7762B02} = {8636251D-0291-4B49-BD87-644F49A928F4}
		{F7D3F72D-741D-4F67-8CF8-CD41B9035FED} = {8636251D-0291-4B49-BD87-644F49A928F4}
		{7F2DB6FE-C109-4057-B207-C62A767F905D} = {8636251D-0291-4B49-BD87-644F49A928F4}
		{DE565EB3-EE44-469D-B6B9-C8F3CA0712EF} = {8636251D-0291-4B49-BD87-644F49A928F4}
		{C6FD211B-DB43-4338-AE80-CD5D6BE15922} = {8636251D-0291-4B49-BD87-644F49A928F4}
		{7D851227-5294-4BEB-990E-56B4FBB7A148} = {8BE6A286-E197-4F84-AE56-58E37CBEEEB5}
		{BA7FA363-61A1-41B1-945B-9B9C7BBCD357} = {8BE6A286-E197-4F84-AE56-58E37CBEEEB5}
		{FB8C0EB0-F025-43EE-96C2-965B41A4A488} = {8BE6A286-E197-4F84-AE56-58E37CBEEEB5}
		{4B17650F-0340-4CA0-A983-A2ECB8AC2629} = {8BE6A286-E197-4F84-AE56-58E37CBEEEB5}
		{A6014F4A-A27F-4B48-804C-F4664082EF01} = {57685A51-6D20-4D5B-865A-F78AC5F5B148}
		{53EA9614-840B-40C6-9C0B-035705475C66} = {57685A51-6D20-4D5B-865A-F78AC5F5B148}
		{8118420A-2FEB-47D7-8EE1-32B8E94B1FEF} = {57685A51-6D20-4D5B-865A-F78AC5F5B148}
		{B80F1384-E5B6-463C-8316-28E847DFB8C8} = {8BE6A286-E197-4F84-AE56-58E37CBEEEB5}
	EndGlobalSection
	GlobalSection(ExtensibilityGlobals) = postSolution
		SolutionGuid = {E18ACE2B-9B04-4506-B0EF-5723DE24799B}
	EndGlobalSection
EndGlobal
