
Microsoft Visual Studio Solution File, Format Version 12.00
# Visual Studio 15
VisualStudioVersion = 15.0.27130.2026
MinimumVisualStudioVersion = 10.0.40219.1
Project("{2150E333-8FDC-42A3-9474-1A3956D46DE8}") = "1.Framework", "1.Framework", "{8636251D-0291-4B49-BD87-644F49A928F4}"
EndProject
Project("{9A19103F-16F7-4668-BE54-9A1E7A4F7556}") = "Signum.Entities", "Framework\Signum.Entities\Signum.Entities.csproj", "{F2B51D08-498D-4C9F-8112-9521A7762B02}"
EndProject
Project("{9A19103F-16F7-4668-BE54-9A1E7A4F7556}") = "Signum.Utilities", "Framework\Signum.Utilities\Signum.Utilities.csproj", "{F7D3F72D-741D-4F67-8CF8-CD41B9035FED}"
EndProject
Project("{9A19103F-16F7-4668-BE54-9A1E7A4F7556}") = "Signum.Engine", "Framework\Signum.Engine\Signum.Engine.csproj", "{7F2DB6FE-C109-4057-B207-C62A767F905D}"
EndProject
Project("{9A19103F-16F7-4668-BE54-9A1E7A4F7556}") = "Signum.Test", "Framework\Signum.Test\Signum.Test.csproj", "{DE565EB3-EE44-469D-B6B9-C8F3CA0712EF}"
EndProject
Project("{9A19103F-16F7-4668-BE54-9A1E7A4F7556}") = "Signum.React", "Framework\Signum.React\Signum.React.csproj", "{C6FD211B-DB43-4338-AE80-CD5D6BE15922}"
EndProject
Project("{2150E333-8FDC-42A3-9474-1A3956D46DE8}") = "2.Extensions", "2.Extensions", "{8BE6A286-E197-4F84-AE56-58E37CBEEEB5}"
EndProject
Project("{9A19103F-16F7-4668-BE54-9A1E7A4F7556}") = "Signum.Entities.Extensions", "Extensions\Signum.Entities.Extensions\Signum.Entities.Extensions.csproj", "{7D851227-5294-4BEB-990E-56B4FBB7A148}"
EndProject
Project("{9A19103F-16F7-4668-BE54-9A1E7A4F7556}") = "Signum.Engine.Extensions", "Extensions\Signum.Engine.Extensions\Signum.Engine.Extensions.csproj", "{BA7FA363-61A1-41B1-945B-9B9C7BBCD357}"
EndProject
Project("{9A19103F-16F7-4668-BE54-9A1E7A4F7556}") = "Signum.React.Extensions", "Extensions\Signum.React.Extensions\Signum.React.Extensions.csproj", "{FB8C0EB0-F025-43EE-96C2-965B41A4A488}"
EndProject
Project("{9A19103F-16F7-4668-BE54-9A1E7A4F7556}") = "Southwind.Entities", "Southwind.Entities\Southwind.Entities.csproj", "{2FE283CC-8F34-451E-9805-C7858F7D705D}"
EndProject
Project("{9A19103F-16F7-4668-BE54-9A1E7A4F7556}") = "Southwind.Logic", "Southwind.Logic\Southwind.Logic.csproj", "{2DA0D6C7-53DB-45F3-BA86-F4FDEB6924FA}"
EndProject
Project("{FAE04EC0-301F-11D3-BF4B-00C04F79EFBC}") = "Signum.Engine.MachineLearning.CNTK", "Extensions\Signum.Engine.MachineLearning.CNTK\Signum.Engine.MachineLearning.CNTK.csproj", "{4B17650F-0340-4CA0-A983-A2ECB8AC2629}"
EndProject
Project("{9A19103F-16F7-4668-BE54-9A1E7A4F7556}") = "Southwind.Load", "Southwind.Load\Southwind.Load.csproj", "{A30A9F84-DF83-4FA0-9DAD-DE793CA425D4}"
EndProject
Project("{9A19103F-16F7-4668-BE54-9A1E7A4F7556}") = "Southwind.React", "Southwind.React\Southwind.React.csproj", "{C3AA8D6F-5DBC-4307-96D0-90F0640B3071}"
EndProject
Project("{FAE04EC0-301F-11D3-BF4B-00C04F79EFBC}") = "Southwind.React.Core", "Southwind.React.Core\Southwind.React.Core.csproj", "{A9EAB8F7-030A-44CB-A632-2F1B2DDFE2EB}"
EndProject
Global
	GlobalSection(SolutionConfigurationPlatforms) = preSolution
		Debug|Any CPU = Debug|Any CPU
		Debug|x64 = Debug|x64
		Release|Any CPU = Release|Any CPU
		Release|x64 = Release|x64
		To-Dev|Any CPU = To-Dev|Any CPU
		To-Dev|x64 = To-Dev|x64
		To-Live|Any CPU = To-Live|Any CPU
		To-Live|x64 = To-Live|x64
		To-Test|Any CPU = To-Test|Any CPU
		To-Test|x64 = To-Test|x64
	EndGlobalSection
	GlobalSection(ProjectConfigurationPlatforms) = postSolution
		{F2B51D08-498D-4C9F-8112-9521A7762B02}.Debug|Any CPU.ActiveCfg = Debug|Any CPU
		{F2B51D08-498D-4C9F-8112-9521A7762B02}.Debug|x64.ActiveCfg = Debug|Any CPU
		{F2B51D08-498D-4C9F-8112-9521A7762B02}.Debug|x64.Build.0 = Debug|Any CPU
		{F2B51D08-498D-4C9F-8112-9521A7762B02}.Release|Any CPU.ActiveCfg = Release|Any CPU
		{F2B51D08-498D-4C9F-8112-9521A7762B02}.Release|x64.ActiveCfg = Release|Any CPU
		{F2B51D08-498D-4C9F-8112-9521A7762B02}.Release|x64.Build.0 = Release|Any CPU
		{F2B51D08-498D-4C9F-8112-9521A7762B02}.To-Dev|Any CPU.ActiveCfg = Release|Any CPU
		{F2B51D08-498D-4C9F-8112-9521A7762B02}.To-Dev|x64.ActiveCfg = Release|Any CPU
		{F2B51D08-498D-4C9F-8112-9521A7762B02}.To-Dev|x64.Build.0 = Release|Any CPU
		{F2B51D08-498D-4C9F-8112-9521A7762B02}.To-Live|Any CPU.ActiveCfg = Release|Any CPU
		{F2B51D08-498D-4C9F-8112-9521A7762B02}.To-Live|x64.ActiveCfg = Release|Any CPU
		{F2B51D08-498D-4C9F-8112-9521A7762B02}.To-Live|x64.Build.0 = Release|Any CPU
		{F2B51D08-498D-4C9F-8112-9521A7762B02}.To-Test|Any CPU.ActiveCfg = Release|Any CPU
		{F2B51D08-498D-4C9F-8112-9521A7762B02}.To-Test|x64.ActiveCfg = Release|Any CPU
		{F2B51D08-498D-4C9F-8112-9521A7762B02}.To-Test|x64.Build.0 = Release|Any CPU
		{F7D3F72D-741D-4F67-8CF8-CD41B9035FED}.Debug|Any CPU.ActiveCfg = Debug|Any CPU
		{F7D3F72D-741D-4F67-8CF8-CD41B9035FED}.Debug|x64.ActiveCfg = Debug|Any CPU
		{F7D3F72D-741D-4F67-8CF8-CD41B9035FED}.Debug|x64.Build.0 = Debug|Any CPU
		{F7D3F72D-741D-4F67-8CF8-CD41B9035FED}.Release|Any CPU.ActiveCfg = Release|Any CPU
		{F7D3F72D-741D-4F67-8CF8-CD41B9035FED}.Release|x64.ActiveCfg = Release|Any CPU
		{F7D3F72D-741D-4F67-8CF8-CD41B9035FED}.Release|x64.Build.0 = Release|Any CPU
		{F7D3F72D-741D-4F67-8CF8-CD41B9035FED}.To-Dev|Any CPU.ActiveCfg = Release|Any CPU
		{F7D3F72D-741D-4F67-8CF8-CD41B9035FED}.To-Dev|x64.ActiveCfg = Release|Any CPU
		{F7D3F72D-741D-4F67-8CF8-CD41B9035FED}.To-Dev|x64.Build.0 = Release|Any CPU
		{F7D3F72D-741D-4F67-8CF8-CD41B9035FED}.To-Live|Any CPU.ActiveCfg = Release|Any CPU
		{F7D3F72D-741D-4F67-8CF8-CD41B9035FED}.To-Live|x64.ActiveCfg = Release|Any CPU
		{F7D3F72D-741D-4F67-8CF8-CD41B9035FED}.To-Live|x64.Build.0 = Release|Any CPU
		{F7D3F72D-741D-4F67-8CF8-CD41B9035FED}.To-Test|Any CPU.ActiveCfg = Release|Any CPU
		{F7D3F72D-741D-4F67-8CF8-CD41B9035FED}.To-Test|x64.ActiveCfg = Release|Any CPU
		{F7D3F72D-741D-4F67-8CF8-CD41B9035FED}.To-Test|x64.Build.0 = Release|Any CPU
		{7F2DB6FE-C109-4057-B207-C62A767F905D}.Debug|Any CPU.ActiveCfg = Debug|Any CPU
		{7F2DB6FE-C109-4057-B207-C62A767F905D}.Debug|x64.ActiveCfg = Debug|Any CPU
		{7F2DB6FE-C109-4057-B207-C62A767F905D}.Debug|x64.Build.0 = Debug|Any CPU
		{7F2DB6FE-C109-4057-B207-C62A767F905D}.Release|Any CPU.ActiveCfg = Release|Any CPU
		{7F2DB6FE-C109-4057-B207-C62A767F905D}.Release|x64.ActiveCfg = Release|Any CPU
		{7F2DB6FE-C109-4057-B207-C62A767F905D}.Release|x64.Build.0 = Release|Any CPU
		{7F2DB6FE-C109-4057-B207-C62A767F905D}.To-Dev|Any CPU.ActiveCfg = Release|Any CPU
		{7F2DB6FE-C109-4057-B207-C62A767F905D}.To-Dev|x64.ActiveCfg = Release|Any CPU
		{7F2DB6FE-C109-4057-B207-C62A767F905D}.To-Dev|x64.Build.0 = Release|Any CPU
		{7F2DB6FE-C109-4057-B207-C62A767F905D}.To-Live|Any CPU.ActiveCfg = Release|Any CPU
		{7F2DB6FE-C109-4057-B207-C62A767F905D}.To-Live|x64.ActiveCfg = Release|Any CPU
		{7F2DB6FE-C109-4057-B207-C62A767F905D}.To-Live|x64.Build.0 = Release|Any CPU
		{7F2DB6FE-C109-4057-B207-C62A767F905D}.To-Test|Any CPU.ActiveCfg = Release|Any CPU
		{7F2DB6FE-C109-4057-B207-C62A767F905D}.To-Test|x64.ActiveCfg = Release|Any CPU
		{7F2DB6FE-C109-4057-B207-C62A767F905D}.To-Test|x64.Build.0 = Release|Any CPU
		{DE565EB3-EE44-469D-B6B9-C8F3CA0712EF}.Debug|Any CPU.ActiveCfg = Debug|Any CPU
		{DE565EB3-EE44-469D-B6B9-C8F3CA0712EF}.Debug|x64.ActiveCfg = Debug|Any CPU
		{DE565EB3-EE44-469D-B6B9-C8F3CA0712EF}.Debug|x64.Build.0 = Debug|Any CPU
		{DE565EB3-EE44-469D-B6B9-C8F3CA0712EF}.Release|Any CPU.ActiveCfg = Release|Any CPU
		{DE565EB3-EE44-469D-B6B9-C8F3CA0712EF}.Release|x64.ActiveCfg = Release|Any CPU
		{DE565EB3-EE44-469D-B6B9-C8F3CA0712EF}.Release|x64.Build.0 = Release|Any CPU
		{DE565EB3-EE44-469D-B6B9-C8F3CA0712EF}.To-Dev|Any CPU.ActiveCfg = Release|Any CPU
		{DE565EB3-EE44-469D-B6B9-C8F3CA0712EF}.To-Dev|x64.ActiveCfg = Release|Any CPU
		{DE565EB3-EE44-469D-B6B9-C8F3CA0712EF}.To-Dev|x64.Build.0 = Release|Any CPU
		{DE565EB3-EE44-469D-B6B9-C8F3CA0712EF}.To-Live|Any CPU.ActiveCfg = Release|Any CPU
		{DE565EB3-EE44-469D-B6B9-C8F3CA0712EF}.To-Live|x64.ActiveCfg = Release|Any CPU
		{DE565EB3-EE44-469D-B6B9-C8F3CA0712EF}.To-Live|x64.Build.0 = Release|Any CPU
		{DE565EB3-EE44-469D-B6B9-C8F3CA0712EF}.To-Test|Any CPU.ActiveCfg = Release|Any CPU
		{DE565EB3-EE44-469D-B6B9-C8F3CA0712EF}.To-Test|x64.ActiveCfg = Release|Any CPU
		{DE565EB3-EE44-469D-B6B9-C8F3CA0712EF}.To-Test|x64.Build.0 = Release|Any CPU
		{C6FD211B-DB43-4338-AE80-CD5D6BE15922}.Debug|Any CPU.ActiveCfg = Debug|Any CPU
		{C6FD211B-DB43-4338-AE80-CD5D6BE15922}.Debug|Any CPU.Build.0 = Debug|Any CPU
		{C6FD211B-DB43-4338-AE80-CD5D6BE15922}.Debug|x64.ActiveCfg = Debug|Any CPU
		{C6FD211B-DB43-4338-AE80-CD5D6BE15922}.Debug|x64.Build.0 = Debug|Any CPU
		{C6FD211B-DB43-4338-AE80-CD5D6BE15922}.Release|Any CPU.ActiveCfg = Release|Any CPU
		{C6FD211B-DB43-4338-AE80-CD5D6BE15922}.Release|Any CPU.Build.0 = Release|Any CPU
		{C6FD211B-DB43-4338-AE80-CD5D6BE15922}.Release|x64.ActiveCfg = Release|Any CPU
		{C6FD211B-DB43-4338-AE80-CD5D6BE15922}.Release|x64.Build.0 = Release|Any CPU
		{C6FD211B-DB43-4338-AE80-CD5D6BE15922}.To-Dev|Any CPU.ActiveCfg = Release|Any CPU
		{C6FD211B-DB43-4338-AE80-CD5D6BE15922}.To-Dev|Any CPU.Build.0 = Release|Any CPU
		{C6FD211B-DB43-4338-AE80-CD5D6BE15922}.To-Dev|x64.ActiveCfg = Release|Any CPU
		{C6FD211B-DB43-4338-AE80-CD5D6BE15922}.To-Dev|x64.Build.0 = Release|Any CPU
		{C6FD211B-DB43-4338-AE80-CD5D6BE15922}.To-Live|Any CPU.ActiveCfg = Release|Any CPU
		{C6FD211B-DB43-4338-AE80-CD5D6BE15922}.To-Live|Any CPU.Build.0 = Release|Any CPU
		{C6FD211B-DB43-4338-AE80-CD5D6BE15922}.To-Live|x64.ActiveCfg = Release|Any CPU
		{C6FD211B-DB43-4338-AE80-CD5D6BE15922}.To-Live|x64.Build.0 = Release|Any CPU
		{C6FD211B-DB43-4338-AE80-CD5D6BE15922}.To-Test|Any CPU.ActiveCfg = Release|Any CPU
		{C6FD211B-DB43-4338-AE80-CD5D6BE15922}.To-Test|Any CPU.Build.0 = Release|Any CPU
		{C6FD211B-DB43-4338-AE80-CD5D6BE15922}.To-Test|x64.ActiveCfg = Release|Any CPU
		{C6FD211B-DB43-4338-AE80-CD5D6BE15922}.To-Test|x64.Build.0 = Release|Any CPU
		{7D851227-5294-4BEB-990E-56B4FBB7A148}.Debug|Any CPU.ActiveCfg = Debug|Any CPU
		{7D851227-5294-4BEB-990E-56B4FBB7A148}.Debug|Any CPU.Build.0 = Debug|Any CPU
		{7D851227-5294-4BEB-990E-56B4FBB7A148}.Debug|x64.ActiveCfg = Debug|Any CPU
		{7D851227-5294-4BEB-990E-56B4FBB7A148}.Debug|x64.Build.0 = Debug|Any CPU
		{7D851227-5294-4BEB-990E-56B4FBB7A148}.Release|Any CPU.ActiveCfg = Release|Any CPU
		{7D851227-5294-4BEB-990E-56B4FBB7A148}.Release|Any CPU.Build.0 = Release|Any CPU
		{7D851227-5294-4BEB-990E-56B4FBB7A148}.Release|x64.ActiveCfg = Release|Any CPU
		{7D851227-5294-4BEB-990E-56B4FBB7A148}.Release|x64.Build.0 = Release|Any CPU
		{7D851227-5294-4BEB-990E-56B4FBB7A148}.To-Dev|Any CPU.ActiveCfg = Release|Any CPU
		{7D851227-5294-4BEB-990E-56B4FBB7A148}.To-Dev|Any CPU.Build.0 = Release|Any CPU
		{7D851227-5294-4BEB-990E-56B4FBB7A148}.To-Dev|x64.ActiveCfg = Release|Any CPU
		{7D851227-5294-4BEB-990E-56B4FBB7A148}.To-Dev|x64.Build.0 = Release|Any CPU
		{7D851227-5294-4BEB-990E-56B4FBB7A148}.To-Live|Any CPU.ActiveCfg = Release|Any CPU
		{7D851227-5294-4BEB-990E-56B4FBB7A148}.To-Live|Any CPU.Build.0 = Release|Any CPU
		{7D851227-5294-4BEB-990E-56B4FBB7A148}.To-Live|x64.ActiveCfg = Release|Any CPU
		{7D851227-5294-4BEB-990E-56B4FBB7A148}.To-Live|x64.Build.0 = Release|Any CPU
		{7D851227-5294-4BEB-990E-56B4FBB7A148}.To-Test|Any CPU.ActiveCfg = Release|Any CPU
		{7D851227-5294-4BEB-990E-56B4FBB7A148}.To-Test|Any CPU.Build.0 = Release|Any CPU
		{7D851227-5294-4BEB-990E-56B4FBB7A148}.To-Test|x64.ActiveCfg = Release|Any CPU
		{7D851227-5294-4BEB-990E-56B4FBB7A148}.To-Test|x64.Build.0 = Release|Any CPU
		{BA7FA363-61A1-41B1-945B-9B9C7BBCD357}.Debug|Any CPU.ActiveCfg = Debug|Any CPU
		{BA7FA363-61A1-41B1-945B-9B9C7BBCD357}.Debug|Any CPU.Build.0 = Debug|Any CPU
		{BA7FA363-61A1-41B1-945B-9B9C7BBCD357}.Debug|x64.ActiveCfg = Debug|Any CPU
		{BA7FA363-61A1-41B1-945B-9B9C7BBCD357}.Debug|x64.Build.0 = Debug|Any CPU
		{BA7FA363-61A1-41B1-945B-9B9C7BBCD357}.Release|Any CPU.ActiveCfg = Release|Any CPU
		{BA7FA363-61A1-41B1-945B-9B9C7BBCD357}.Release|Any CPU.Build.0 = Release|Any CPU
		{BA7FA363-61A1-41B1-945B-9B9C7BBCD357}.Release|x64.ActiveCfg = Release|Any CPU
		{BA7FA363-61A1-41B1-945B-9B9C7BBCD357}.Release|x64.Build.0 = Release|Any CPU
		{BA7FA363-61A1-41B1-945B-9B9C7BBCD357}.To-Dev|Any CPU.ActiveCfg = Release|Any CPU
		{BA7FA363-61A1-41B1-945B-9B9C7BBCD357}.To-Dev|Any CPU.Build.0 = Release|Any CPU
		{BA7FA363-61A1-41B1-945B-9B9C7BBCD357}.To-Dev|x64.ActiveCfg = Release|Any CPU
		{BA7FA363-61A1-41B1-945B-9B9C7BBCD357}.To-Dev|x64.Build.0 = Release|Any CPU
		{BA7FA363-61A1-41B1-945B-9B9C7BBCD357}.To-Live|Any CPU.ActiveCfg = Release|Any CPU
		{BA7FA363-61A1-41B1-945B-9B9C7BBCD357}.To-Live|Any CPU.Build.0 = Release|Any CPU
		{BA7FA363-61A1-41B1-945B-9B9C7BBCD357}.To-Live|x64.ActiveCfg = Release|Any CPU
		{BA7FA363-61A1-41B1-945B-9B9C7BBCD357}.To-Live|x64.Build.0 = Release|Any CPU
		{BA7FA363-61A1-41B1-945B-9B9C7BBCD357}.To-Test|Any CPU.ActiveCfg = Release|Any CPU
		{BA7FA363-61A1-41B1-945B-9B9C7BBCD357}.To-Test|Any CPU.Build.0 = Release|Any CPU
		{BA7FA363-61A1-41B1-945B-9B9C7BBCD357}.To-Test|x64.ActiveCfg = Release|Any CPU
		{BA7FA363-61A1-41B1-945B-9B9C7BBCD357}.To-Test|x64.Build.0 = Release|Any CPU
		{FB8C0EB0-F025-43EE-96C2-965B41A4A488}.Debug|Any CPU.ActiveCfg = Debug|Any CPU
		{FB8C0EB0-F025-43EE-96C2-965B41A4A488}.Debug|Any CPU.Build.0 = Debug|Any CPU
		{FB8C0EB0-F025-43EE-96C2-965B41A4A488}.Debug|x64.ActiveCfg = Debug|Any CPU
		{FB8C0EB0-F025-43EE-96C2-965B41A4A488}.Debug|x64.Build.0 = Debug|Any CPU
		{FB8C0EB0-F025-43EE-96C2-965B41A4A488}.Release|Any CPU.ActiveCfg = Release|Any CPU
		{FB8C0EB0-F025-43EE-96C2-965B41A4A488}.Release|Any CPU.Build.0 = Release|Any CPU
		{FB8C0EB0-F025-43EE-96C2-965B41A4A488}.Release|x64.ActiveCfg = Release|Any CPU
		{FB8C0EB0-F025-43EE-96C2-965B41A4A488}.Release|x64.Build.0 = Release|Any CPU
		{FB8C0EB0-F025-43EE-96C2-965B41A4A488}.To-Dev|Any CPU.ActiveCfg = Debug|Any CPU
		{FB8C0EB0-F025-43EE-96C2-965B41A4A488}.To-Dev|Any CPU.Build.0 = Debug|Any CPU
		{FB8C0EB0-F025-43EE-96C2-965B41A4A488}.To-Dev|x64.ActiveCfg = Debug|Any CPU
		{FB8C0EB0-F025-43EE-96C2-965B41A4A488}.To-Dev|x64.Build.0 = Debug|Any CPU
		{FB8C0EB0-F025-43EE-96C2-965B41A4A488}.To-Live|Any CPU.ActiveCfg = Debug|Any CPU
		{FB8C0EB0-F025-43EE-96C2-965B41A4A488}.To-Live|Any CPU.Build.0 = Debug|Any CPU
		{FB8C0EB0-F025-43EE-96C2-965B41A4A488}.To-Live|x64.ActiveCfg = Debug|Any CPU
		{FB8C0EB0-F025-43EE-96C2-965B41A4A488}.To-Live|x64.Build.0 = Debug|Any CPU
		{FB8C0EB0-F025-43EE-96C2-965B41A4A488}.To-Test|Any CPU.ActiveCfg = Debug|Any CPU
		{FB8C0EB0-F025-43EE-96C2-965B41A4A488}.To-Test|Any CPU.Build.0 = Debug|Any CPU
		{FB8C0EB0-F025-43EE-96C2-965B41A4A488}.To-Test|x64.ActiveCfg = Debug|Any CPU
		{FB8C0EB0-F025-43EE-96C2-965B41A4A488}.To-Test|x64.Build.0 = Debug|Any CPU
		{2FE283CC-8F34-451E-9805-C7858F7D705D}.Debug|Any CPU.ActiveCfg = Debug|Any CPU
		{2FE283CC-8F34-451E-9805-C7858F7D705D}.Debug|Any CPU.Build.0 = Debug|Any CPU
		{2FE283CC-8F34-451E-9805-C7858F7D705D}.Debug|x64.ActiveCfg = Debug|Any CPU
		{2FE283CC-8F34-451E-9805-C7858F7D705D}.Debug|x64.Build.0 = Debug|Any CPU
		{2FE283CC-8F34-451E-9805-C7858F7D705D}.Release|Any CPU.ActiveCfg = Release|Any CPU
		{2FE283CC-8F34-451E-9805-C7858F7D705D}.Release|Any CPU.Build.0 = Release|Any CPU
		{2FE283CC-8F34-451E-9805-C7858F7D705D}.Release|x64.ActiveCfg = Release|Any CPU
		{2FE283CC-8F34-451E-9805-C7858F7D705D}.Release|x64.Build.0 = Release|Any CPU
		{2FE283CC-8F34-451E-9805-C7858F7D705D}.To-Dev|Any CPU.ActiveCfg = Release|Any CPU
		{2FE283CC-8F34-451E-9805-C7858F7D705D}.To-Dev|Any CPU.Build.0 = Release|Any CPU
		{2FE283CC-8F34-451E-9805-C7858F7D705D}.To-Dev|x64.ActiveCfg = Release|Any CPU
		{2FE283CC-8F34-451E-9805-C7858F7D705D}.To-Dev|x64.Build.0 = Release|Any CPU
		{2FE283CC-8F34-451E-9805-C7858F7D705D}.To-Live|Any CPU.ActiveCfg = Release|Any CPU
		{2FE283CC-8F34-451E-9805-C7858F7D705D}.To-Live|Any CPU.Build.0 = Release|Any CPU
		{2FE283CC-8F34-451E-9805-C7858F7D705D}.To-Live|x64.ActiveCfg = Release|Any CPU
		{2FE283CC-8F34-451E-9805-C7858F7D705D}.To-Live|x64.Build.0 = Release|Any CPU
		{2FE283CC-8F34-451E-9805-C7858F7D705D}.To-Test|Any CPU.ActiveCfg = Release|Any CPU
		{2FE283CC-8F34-451E-9805-C7858F7D705D}.To-Test|Any CPU.Build.0 = Release|Any CPU
		{2FE283CC-8F34-451E-9805-C7858F7D705D}.To-Test|x64.ActiveCfg = Release|Any CPU
		{2FE283CC-8F34-451E-9805-C7858F7D705D}.To-Test|x64.Build.0 = Release|Any CPU
		{2DA0D6C7-53DB-45F3-BA86-F4FDEB6924FA}.Debug|Any CPU.ActiveCfg = Debug|Any CPU
		{2DA0D6C7-53DB-45F3-BA86-F4FDEB6924FA}.Debug|Any CPU.Build.0 = Debug|Any CPU
		{2DA0D6C7-53DB-45F3-BA86-F4FDEB6924FA}.Debug|x64.ActiveCfg = Debug|Any CPU
		{2DA0D6C7-53DB-45F3-BA86-F4FDEB6924FA}.Debug|x64.Build.0 = Debug|Any CPU
		{2DA0D6C7-53DB-45F3-BA86-F4FDEB6924FA}.Release|Any CPU.ActiveCfg = Release|Any CPU
		{2DA0D6C7-53DB-45F3-BA86-F4FDEB6924FA}.Release|Any CPU.Build.0 = Release|Any CPU
		{2DA0D6C7-53DB-45F3-BA86-F4FDEB6924FA}.Release|x64.ActiveCfg = Release|Any CPU
		{2DA0D6C7-53DB-45F3-BA86-F4FDEB6924FA}.Release|x64.Build.0 = Release|Any CPU
		{2DA0D6C7-53DB-45F3-BA86-F4FDEB6924FA}.To-Dev|Any CPU.ActiveCfg = Release|Any CPU
		{2DA0D6C7-53DB-45F3-BA86-F4FDEB6924FA}.To-Dev|Any CPU.Build.0 = Release|Any CPU
		{2DA0D6C7-53DB-45F3-BA86-F4FDEB6924FA}.To-Dev|x64.ActiveCfg = Release|Any CPU
		{2DA0D6C7-53DB-45F3-BA86-F4FDEB6924FA}.To-Dev|x64.Build.0 = Release|Any CPU
		{2DA0D6C7-53DB-45F3-BA86-F4FDEB6924FA}.To-Live|Any CPU.ActiveCfg = Release|Any CPU
		{2DA0D6C7-53DB-45F3-BA86-F4FDEB6924FA}.To-Live|Any CPU.Build.0 = Release|Any CPU
		{2DA0D6C7-53DB-45F3-BA86-F4FDEB6924FA}.To-Live|x64.ActiveCfg = Release|Any CPU
		{2DA0D6C7-53DB-45F3-BA86-F4FDEB6924FA}.To-Live|x64.Build.0 = Release|Any CPU
		{2DA0D6C7-53DB-45F3-BA86-F4FDEB6924FA}.To-Test|Any CPU.ActiveCfg = Release|Any CPU
		{2DA0D6C7-53DB-45F3-BA86-F4FDEB6924FA}.To-Test|Any CPU.Build.0 = Release|Any CPU
		{2DA0D6C7-53DB-45F3-BA86-F4FDEB6924FA}.To-Test|x64.ActiveCfg = Release|Any CPU
		{2DA0D6C7-53DB-45F3-BA86-F4FDEB6924FA}.To-Test|x64.Build.0 = Release|Any CPU
		{4B17650F-0340-4CA0-A983-A2ECB8AC2629}.Debug|Any CPU.ActiveCfg = Debug|Any CPU
		{4B17650F-0340-4CA0-A983-A2ECB8AC2629}.Debug|Any CPU.Build.0 = Debug|Any CPU
		{4B17650F-0340-4CA0-A983-A2ECB8AC2629}.Debug|x64.ActiveCfg = Debug|Any CPU
		{4B17650F-0340-4CA0-A983-A2ECB8AC2629}.Debug|x64.Build.0 = Debug|Any CPU
		{4B17650F-0340-4CA0-A983-A2ECB8AC2629}.Release|Any CPU.ActiveCfg = Release|Any CPU
		{4B17650F-0340-4CA0-A983-A2ECB8AC2629}.Release|Any CPU.Build.0 = Release|Any CPU
		{4B17650F-0340-4CA0-A983-A2ECB8AC2629}.Release|x64.ActiveCfg = Release|Any CPU
		{4B17650F-0340-4CA0-A983-A2ECB8AC2629}.Release|x64.Build.0 = Release|Any CPU
		{4B17650F-0340-4CA0-A983-A2ECB8AC2629}.To-Dev|Any CPU.ActiveCfg = Release|Any CPU
		{4B17650F-0340-4CA0-A983-A2ECB8AC2629}.To-Dev|Any CPU.Build.0 = Release|Any CPU
		{4B17650F-0340-4CA0-A983-A2ECB8AC2629}.To-Dev|x64.ActiveCfg = Release|Any CPU
		{4B17650F-0340-4CA0-A983-A2ECB8AC2629}.To-Dev|x64.Build.0 = Release|Any CPU
		{4B17650F-0340-4CA0-A983-A2ECB8AC2629}.To-Live|Any CPU.ActiveCfg = Release|Any CPU
		{4B17650F-0340-4CA0-A983-A2ECB8AC2629}.To-Live|Any CPU.Build.0 = Release|Any CPU
		{4B17650F-0340-4CA0-A983-A2ECB8AC2629}.To-Live|x64.ActiveCfg = Release|Any CPU
		{4B17650F-0340-4CA0-A983-A2ECB8AC2629}.To-Live|x64.Build.0 = Release|Any CPU
		{4B17650F-0340-4CA0-A983-A2ECB8AC2629}.To-Test|Any CPU.ActiveCfg = Release|Any CPU
		{4B17650F-0340-4CA0-A983-A2ECB8AC2629}.To-Test|Any CPU.Build.0 = Release|Any CPU
		{4B17650F-0340-4CA0-A983-A2ECB8AC2629}.To-Test|x64.ActiveCfg = Release|Any CPU
		{4B17650F-0340-4CA0-A983-A2ECB8AC2629}.To-Test|x64.Build.0 = Release|Any CPU
		{A30A9F84-DF83-4FA0-9DAD-DE793CA425D4}.Debug|Any CPU.ActiveCfg = Debug|Any CPU
		{A30A9F84-DF83-4FA0-9DAD-DE793CA425D4}.Debug|Any CPU.Build.0 = Debug|Any CPU
		{A30A9F84-DF83-4FA0-9DAD-DE793CA425D4}.Debug|x64.ActiveCfg = Debug|Any CPU
		{A30A9F84-DF83-4FA0-9DAD-DE793CA425D4}.Debug|x64.Build.0 = Debug|Any CPU
		{A30A9F84-DF83-4FA0-9DAD-DE793CA425D4}.Release|Any CPU.ActiveCfg = Release|Any CPU
		{A30A9F84-DF83-4FA0-9DAD-DE793CA425D4}.Release|Any CPU.Build.0 = Release|Any CPU
		{A30A9F84-DF83-4FA0-9DAD-DE793CA425D4}.Release|x64.ActiveCfg = Release|Any CPU
		{A30A9F84-DF83-4FA0-9DAD-DE793CA425D4}.Release|x64.Build.0 = Release|Any CPU
		{A30A9F84-DF83-4FA0-9DAD-DE793CA425D4}.To-Dev|Any CPU.ActiveCfg = Release|Any CPU
		{A30A9F84-DF83-4FA0-9DAD-DE793CA425D4}.To-Dev|Any CPU.Build.0 = Release|Any CPU
		{A30A9F84-DF83-4FA0-9DAD-DE793CA425D4}.To-Dev|x64.ActiveCfg = Release|Any CPU
		{A30A9F84-DF83-4FA0-9DAD-DE793CA425D4}.To-Dev|x64.Build.0 = Release|Any CPU
		{A30A9F84-DF83-4FA0-9DAD-DE793CA425D4}.To-Live|Any CPU.ActiveCfg = Release|Any CPU
		{A30A9F84-DF83-4FA0-9DAD-DE793CA425D4}.To-Live|Any CPU.Build.0 = Release|Any CPU
		{A30A9F84-DF83-4FA0-9DAD-DE793CA425D4}.To-Live|x64.ActiveCfg = Release|Any CPU
		{A30A9F84-DF83-4FA0-9DAD-DE793CA425D4}.To-Live|x64.Build.0 = Release|Any CPU
		{A30A9F84-DF83-4FA0-9DAD-DE793CA425D4}.To-Test|Any CPU.ActiveCfg = Release|Any CPU
		{A30A9F84-DF83-4FA0-9DAD-DE793CA425D4}.To-Test|Any CPU.Build.0 = Release|Any CPU
		{A30A9F84-DF83-4FA0-9DAD-DE793CA425D4}.To-Test|x64.ActiveCfg = Release|Any CPU
		{A30A9F84-DF83-4FA0-9DAD-DE793CA425D4}.To-Test|x64.Build.0 = Release|Any CPU
		{C3AA8D6F-5DBC-4307-96D0-90F0640B3071}.Debug|Any CPU.ActiveCfg = Debug|Any CPU
		{C3AA8D6F-5DBC-4307-96D0-90F0640B3071}.Debug|Any CPU.Build.0 = Debug|Any CPU
		{C3AA8D6F-5DBC-4307-96D0-90F0640B3071}.Debug|x64.ActiveCfg = Debug|Any CPU
		{C3AA8D6F-5DBC-4307-96D0-90F0640B3071}.Debug|x64.Build.0 = Debug|Any CPU
		{C3AA8D6F-5DBC-4307-96D0-90F0640B3071}.Release|Any CPU.ActiveCfg = Release|Any CPU
		{C3AA8D6F-5DBC-4307-96D0-90F0640B3071}.Release|Any CPU.Build.0 = Release|Any CPU
		{C3AA8D6F-5DBC-4307-96D0-90F0640B3071}.Release|x64.ActiveCfg = Release|Any CPU
		{C3AA8D6F-5DBC-4307-96D0-90F0640B3071}.Release|x64.Build.0 = Release|Any CPU
		{C3AA8D6F-5DBC-4307-96D0-90F0640B3071}.To-Dev|Any CPU.ActiveCfg = Release|Any CPU
		{C3AA8D6F-5DBC-4307-96D0-90F0640B3071}.To-Dev|Any CPU.Build.0 = Release|Any CPU
		{C3AA8D6F-5DBC-4307-96D0-90F0640B3071}.To-Dev|x64.ActiveCfg = Release|Any CPU
		{C3AA8D6F-5DBC-4307-96D0-90F0640B3071}.To-Dev|x64.Build.0 = Release|Any CPU
		{C3AA8D6F-5DBC-4307-96D0-90F0640B3071}.To-Live|Any CPU.ActiveCfg = Release|Any CPU
		{C3AA8D6F-5DBC-4307-96D0-90F0640B3071}.To-Live|Any CPU.Build.0 = Release|Any CPU
		{C3AA8D6F-5DBC-4307-96D0-90F0640B3071}.To-Live|x64.ActiveCfg = Release|Any CPU
		{C3AA8D6F-5DBC-4307-96D0-90F0640B3071}.To-Live|x64.Build.0 = Release|Any CPU
		{C3AA8D6F-5DBC-4307-96D0-90F0640B3071}.To-Test|Any CPU.ActiveCfg = Release|Any CPU
		{C3AA8D6F-5DBC-4307-96D0-90F0640B3071}.To-Test|Any CPU.Build.0 = Release|Any CPU
		{C3AA8D6F-5DBC-4307-96D0-90F0640B3071}.To-Test|x64.ActiveCfg = Release|Any CPU
		{C3AA8D6F-5DBC-4307-96D0-90F0640B3071}.To-Test|x64.Build.0 = Release|Any CPU
		{A9EAB8F7-030A-44CB-A632-2F1B2DDFE2EB}.Debug|Any CPU.ActiveCfg = Debug|Any CPU
		{A9EAB8F7-030A-44CB-A632-2F1B2DDFE2EB}.Debug|Any CPU.Build.0 = Debug|Any CPU
		{A9EAB8F7-030A-44CB-A632-2F1B2DDFE2EB}.Debug|x64.ActiveCfg = Debug|Any CPU
		{A9EAB8F7-030A-44CB-A632-2F1B2DDFE2EB}.Debug|x64.Build.0 = Debug|Any CPU
		{A9EAB8F7-030A-44CB-A632-2F1B2DDFE2EB}.Release|Any CPU.ActiveCfg = Release|Any CPU
		{A9EAB8F7-030A-44CB-A632-2F1B2DDFE2EB}.Release|Any CPU.Build.0 = Release|Any CPU
		{A9EAB8F7-030A-44CB-A632-2F1B2DDFE2EB}.Release|x64.ActiveCfg = Release|Any CPU
		{A9EAB8F7-030A-44CB-A632-2F1B2DDFE2EB}.Release|x64.Build.0 = Release|Any CPU
		{A9EAB8F7-030A-44CB-A632-2F1B2DDFE2EB}.To-Dev|Any CPU.ActiveCfg = Debug|Any CPU
		{A9EAB8F7-030A-44CB-A632-2F1B2DDFE2EB}.To-Dev|Any CPU.Build.0 = Debug|Any CPU
		{A9EAB8F7-030A-44CB-A632-2F1B2DDFE2EB}.To-Dev|x64.ActiveCfg = Debug|Any CPU
		{A9EAB8F7-030A-44CB-A632-2F1B2DDFE2EB}.To-Dev|x64.Build.0 = Debug|Any CPU
		{A9EAB8F7-030A-44CB-A632-2F1B2DDFE2EB}.To-Live|Any CPU.ActiveCfg = Debug|Any CPU
		{A9EAB8F7-030A-44CB-A632-2F1B2DDFE2EB}.To-Live|Any CPU.Build.0 = Debug|Any CPU
		{A9EAB8F7-030A-44CB-A632-2F1B2DDFE2EB}.To-Live|x64.ActiveCfg = Debug|Any CPU
		{A9EAB8F7-030A-44CB-A632-2F1B2DDFE2EB}.To-Live|x64.Build.0 = Debug|Any CPU
		{A9EAB8F7-030A-44CB-A632-2F1B2DDFE2EB}.To-Test|Any CPU.ActiveCfg = Debug|Any CPU
		{A9EAB8F7-030A-44CB-A632-2F1B2DDFE2EB}.To-Test|Any CPU.Build.0 = Debug|Any CPU
		{A9EAB8F7-030A-44CB-A632-2F1B2DDFE2EB}.To-Test|x64.ActiveCfg = Debug|Any CPU
		{A9EAB8F7-030A-44CB-A632-2F1B2DDFE2EB}.To-Test|x64.Build.0 = Debug|Any CPU
	EndGlobalSection
	GlobalSection(SolutionProperties) = preSolution
		HideSolutionNode = FALSE
	EndGlobalSection
	GlobalSection(NestedProjects) = preSolution
		{F2B51D08-498D-4C9F-8112-9521A7762B02} = {8636251D-0291-4B49-BD87-644F49A928F4}
		{F7D3F72D-741D-4F67-8CF8-CD41B9035FED} = {8636251D-0291-4B49-BD87-644F49A928F4}
		{7F2DB6FE-C109-4057-B207-C62A767F905D} = {8636251D-0291-4B49-BD87-644F49A928F4}
		{DE565EB3-EE44-469D-B6B9-C8F3CA0712EF} = {8636251D-0291-4B49-BD87-644F49A928F4}
		{C6FD211B-DB43-4338-AE80-CD5D6BE15922} = {8636251D-0291-4B49-BD87-644F49A928F4}
		{7D851227-5294-4BEB-990E-56B4FBB7A148} = {8BE6A286-E197-4F84-AE56-58E37CBEEEB5}
		{BA7FA363-61A1-41B1-945B-9B9C7BBCD357} = {8BE6A286-E197-4F84-AE56-58E37CBEEEB5}
		{FB8C0EB0-F025-43EE-96C2-965B41A4A488} = {8BE6A286-E197-4F84-AE56-58E37CBEEEB5}
		{4B17650F-0340-4CA0-A983-A2ECB8AC2629} = {8BE6A286-E197-4F84-AE56-58E37CBEEEB5}
	EndGlobalSection
	GlobalSection(ExtensibilityGlobals) = postSolution
		SolutionGuid = {E18ACE2B-9B04-4506-B0EF-5723DE24799B}
	EndGlobalSection
EndGlobal
